
Microsoft Visual Studio Solution File, Format Version 12.00
# Visual Studio 15
VisualStudioVersion = 15.0.28307.106
MinimumVisualStudioVersion = 10.0.40219.1
Project("{FAE04EC0-301F-11D3-BF4B-00C04F79EFBC}") = "DigitReco", "DigitReco\DigitReco.csproj", "{8E5C2466-9509-4FB1-B792-5541526CD4E6}"
EndProject
Global
	GlobalSection(SolutionConfigurationPlatforms) = preSolution
		Debug|Any CPU = Debug|Any CPU
		Release|Any CPU = Release|Any CPU
	EndGlobalSection
	GlobalSection(ProjectConfigurationPlatforms) = postSolution
		{8E5C2466-9509-4FB1-B792-5541526CD4E6}.Debug|Any CPU.ActiveCfg = Debug|Any CPU
		{8E5C2466-9509-4FB1-B792-5541526CD4E6}.Debug|Any CPU.Build.0 = Debug|Any CPU
		{8E5C2466-9509-4FB1-B792-5541526CD4E6}.Release|Any CPU.ActiveCfg = Release|Any CPU
		{8E5C2466-9509-4FB1-B792-5541526CD4E6}.Release|Any CPU.Build.0 = Release|Any CPU
	EndGlobalSection
	GlobalSection(SolutionProperties) = preSolution
		HideSolutionNode = FALSE
	EndGlobalSection
	GlobalSection(ExtensibilityGlobals) = postSolution
		SolutionGuid = {9A233394-4AFB-45A8-AECB-51884C2CF302}
	EndGlobalSection
EndGlobal
